
Microsoft Visual Studio Solution File, Format Version 12.00
# Visual Studio Version 17
VisualStudioVersion = 17.10.35027.167
MinimumVisualStudioVersion = 10.0.40219.1
Project("{FAE04EC0-301F-11D3-BF4B-00C04F79EFBC}") = "Do-While14", "Do-While14\Do-While14.csproj", "{3CC90FE8-5E2F-4BAB-AA2E-3C08D59AFC42}"
EndProject
Global
	GlobalSection(SolutionConfigurationPlatforms) = preSolution
		Debug|Any CPU = Debug|Any CPU
		Release|Any CPU = Release|Any CPU
	EndGlobalSection
	GlobalSection(ProjectConfigurationPlatforms) = postSolution
		{3CC90FE8-5E2F-4BAB-AA2E-3C08D59AFC42}.Debug|Any CPU.ActiveCfg = Debug|Any CPU
		{3CC90FE8-5E2F-4BAB-AA2E-3C08D59AFC42}.Debug|Any CPU.Build.0 = Debug|Any CPU
		{3CC90FE8-5E2F-4BAB-AA2E-3C08D59AFC42}.Release|Any CPU.ActiveCfg = Release|Any CPU
		{3CC90FE8-5E2F-4BAB-AA2E-3C08D59AFC42}.Release|Any CPU.Build.0 = Release|Any CPU
	EndGlobalSection
	GlobalSection(SolutionProperties) = preSolution
		HideSolutionNode = FALSE
	EndGlobalSection
	GlobalSection(ExtensibilityGlobals) = postSolution
		SolutionGuid = {80D47B1C-29F7-4312-B3AF-31E5C9BA75E6}
	EndGlobalSection
EndGlobal
